
Microsoft Visual Studio Solution File, Format Version 12.00
# Visual Studio Version 16
VisualStudioVersion = 16.0.32126.315
MinimumVisualStudioVersion = 10.0.40219.1
Project("{FAE04EC0-301F-11D3-BF4B-00C04F79EFBC}") = "kusa", "kusa.csproj", "{14D24202-CC8E-463E-8210-C2D3CF9CA50A}"
EndProject
Global
	GlobalSection(SolutionConfigurationPlatforms) = preSolution
		Debug|Any CPU = Debug|Any CPU
		Release|Any CPU = Release|Any CPU
	EndGlobalSection
	GlobalSection(ProjectConfigurationPlatforms) = postSolution
		{14D24202-CC8E-463E-8210-C2D3CF9CA50A}.Debug|Any CPU.ActiveCfg = Debug|Any CPU
		{14D24202-CC8E-463E-8210-C2D3CF9CA50A}.Debug|Any CPU.Build.0 = Debug|Any CPU
		{14D24202-CC8E-463E-8210-C2D3CF9CA50A}.Release|Any CPU.ActiveCfg = Release|Any CPU
		{14D24202-CC8E-463E-8210-C2D3CF9CA50A}.Release|Any CPU.Build.0 = Release|Any CPU
	EndGlobalSection
	GlobalSection(SolutionProperties) = preSolution
		HideSolutionNode = FALSE
	EndGlobalSection
	GlobalSection(ExtensibilityGlobals) = postSolution
		SolutionGuid = {E3281CDF-D77E-405B-A661-114135BF0988}
	EndGlobalSection
EndGlobal
